// !$*UTF8*$!
{
	archiveVersion = 1;
	classes = {
	};
	objectVersion = 55;
	objects = {

/* Begin PBXBuildFile section */
		9D210BBC2879AEEC006F5BFD /* AppDelegate.swift in Sources */ = {isa = PBXBuildFile; fileRef = 9D210BBB2879AEEC006F5BFD /* AppDelegate.swift */; };
		9D210BBE2879AEEC006F5BFD /* SceneDelegate.swift in Sources */ = {isa = PBXBuildFile; fileRef = 9D210BBD2879AEEC006F5BFD /* SceneDelegate.swift */; };
		9D210BC02879AEEC006F5BFD /* ViewController.swift in Sources */ = {isa = PBXBuildFile; fileRef = 9D210BBF2879AEEC006F5BFD /* ViewController.swift */; };
		9D210BC32879AEEC006F5BFD /* Main.storyboard in Resources */ = {isa = PBXBuildFile; fileRef = 9D210BC12879AEEC006F5BFD /* Main.storyboard */; };
		9D210BC52879AEEE006F5BFD /* Assets.xcassets in Resources */ = {isa = PBXBuildFile; fileRef = 9D210BC42879AEEE006F5BFD /* Assets.xcassets */; };
		9D210BC82879AEEE006F5BFD /* LaunchScreen.storyboard in Resources */ = {isa = PBXBuildFile; fileRef = 9D210BC62879AEEE006F5BFD /* LaunchScreen.storyboard */; };
		9D210BDC2879B53B006F5BFD /* russia.png in Resources */ = {isa = PBXBuildFile; fileRef = 9D210BD02879B53B006F5BFD /* russia.png */; };
		9D210BDD2879B53B006F5BFD /* poland.png in Resources */ = {isa = PBXBuildFile; fileRef = 9D210BD12879B53B006F5BFD /* poland.png */; };
		9D210BDE2879B53B006F5BFD /* estonia.png in Resources */ = {isa = PBXBuildFile; fileRef = 9D210BD22879B53B006F5BFD /* estonia.png */; };
		9D210BDF2879B53B006F5BFD /* us.png in Resources */ = {isa = PBXBuildFile; fileRef = 9D210BD32879B53B006F5BFD /* us.png */; };
		9D210BE02879B53B006F5BFD /* monaco.png in Resources */ = {isa = PBXBuildFile; fileRef = 9D210BD42879B53B006F5BFD /* monaco.png */; };
		9D210BE12879B53B006F5BFD /* nigeria.png in Resources */ = {isa = PBXBuildFile; fileRef = 9D210BD52879B53B006F5BFD /* nigeria.png */; };
		9D210BE22879B53B006F5BFD /* germany.png in Resources */ = {isa = PBXBuildFile; fileRef = 9D210BD62879B53B006F5BFD /* germany.png */; };
		9D210BE32879B53B006F5BFD /* spain.png in Resources */ = {isa = PBXBuildFile; fileRef = 9D210BD72879B53B006F5BFD /* spain.png */; };
		9D210BE42879B53B006F5BFD /* france.png in Resources */ = {isa = PBXBuildFile; fileRef = 9D210BD82879B53B006F5BFD /* france.png */; };
		9D210BE52879B53B006F5BFD /* italy.png in Resources */ = {isa = PBXBuildFile; fileRef = 9D210BD92879B53B006F5BFD /* italy.png */; };
		9D210BE62879B53B006F5BFD /* uk.png in Resources */ = {isa = PBXBuildFile; fileRef = 9D210BDA2879B53B006F5BFD /* uk.png */; };
		9D210BE72879B53B006F5BFD /* ireland.png in Resources */ = {isa = PBXBuildFile; fileRef = 9D210BDB2879B53B006F5BFD /* ireland.png */; };
		9D210BE92879DBD2006F5BFD /* DetailViewController.swift in Sources */ = {isa = PBXBuildFile; fileRef = 9D210BE82879DBD2006F5BFD /* DetailViewController.swift */; };
/* End PBXBuildFile section */

/* Begin PBXFileReference section */
		9D210BB82879AEEC006F5BFD /* Challenge1.app */ = {isa = PBXFileReference; explicitFileType = wrapper.application; includeInIndex = 0; path = Challenge1.app; sourceTree = BUILT_PRODUCTS_DIR; };
		9D210BBB2879AEEC006F5BFD /* AppDelegate.swift */ = {isa = PBXFileReference; lastKnownFileType = sourcecode.swift; path = AppDelegate.swift; sourceTree = "<group>"; };
		9D210BBD2879AEEC006F5BFD /* SceneDelegate.swift */ = {isa = PBXFileReference; lastKnownFileType = sourcecode.swift; path = SceneDelegate.swift; sourceTree = "<group>"; };
		9D210BBF2879AEEC006F5BFD /* ViewController.swift */ = {isa = PBXFileReference; lastKnownFileType = sourcecode.swift; path = ViewController.swift; sourceTree = "<group>"; };
		9D210BC22879AEEC006F5BFD /* Base */ = {isa = PBXFileReference; lastKnownFileType = file.storyboard; name = Base; path = Base.lproj/Main.storyboard; sourceTree = "<group>"; };
		9D210BC42879AEEE006F5BFD /* Assets.xcassets */ = {isa = PBXFileReference; lastKnownFileType = folder.assetcatalog; path = Assets.xcassets; sourceTree = "<group>"; };
		9D210BC72879AEEE006F5BFD /* Base */ = {isa = PBXFileReference; lastKnownFileType = file.storyboard; name = Base; path = Base.lproj/LaunchScreen.storyboard; sourceTree = "<group>"; };
		9D210BC92879AEEE006F5BFD /* Info.plist */ = {isa = PBXFileReference; lastKnownFileType = text.plist.xml; path = Info.plist; sourceTree = "<group>"; };
		9D210BD02879B53B006F5BFD /* russia.png */ = {isa = PBXFileReference; lastKnownFileType = image.png; path = russia.png; sourceTree = "<group>"; };
		9D210BD12879B53B006F5BFD /* poland.png */ = {isa = PBXFileReference; lastKnownFileType = image.png; path = poland.png; sourceTree = "<group>"; };
		9D210BD22879B53B006F5BFD /* estonia.png */ = {isa = PBXFileReference; lastKnownFileType = image.png; path = estonia.png; sourceTree = "<group>"; };
		9D210BD32879B53B006F5BFD /* us.png */ = {isa = PBXFileReference; lastKnownFileType = image.png; path = us.png; sourceTree = "<group>"; };
		9D210BD42879B53B006F5BFD /* monaco.png */ = {isa = PBXFileReference; lastKnownFileType = image.png; path = monaco.png; sourceTree = "<group>"; };
		9D210BD52879B53B006F5BFD /* nigeria.png */ = {isa = PBXFileReference; lastKnownFileType = image.png; path = nigeria.png; sourceTree = "<group>"; };
		9D210BD62879B53B006F5BFD /* germany.png */ = {isa = PBXFileReference; lastKnownFileType = image.png; path = germany.png; sourceTree = "<group>"; };
		9D210BD72879B53B006F5BFD /* spain.png */ = {isa = PBXFileReference; lastKnownFileType = image.png; path = spain.png; sourceTree = "<group>"; };
		9D210BD82879B53B006F5BFD /* france.png */ = {isa = PBXFileReference; lastKnownFileType = image.png; path = france.png; sourceTree = "<group>"; };
		9D210BD92879B53B006F5BFD /* italy.png */ = {isa = PBXFileReference; lastKnownFileType = image.png; path = italy.png; sourceTree = "<group>"; };
		9D210BDA2879B53B006F5BFD /* uk.png */ = {isa = PBXFileReference; lastKnownFileType = image.png; path = uk.png; sourceTree = "<group>"; };
		9D210BDB2879B53B006F5BFD /* ireland.png */ = {isa = PBXFileReference; lastKnownFileType = image.png; path = ireland.png; sourceTree = "<group>"; };
		9D210BE82879DBD2006F5BFD /* DetailViewController.swift */ = {isa = PBXFileReference; lastKnownFileType = sourcecode.swift; path = DetailViewController.swift; sourceTree = "<group>"; };
/* End PBXFileReference section */

/* Begin PBXFrameworksBuildPhase section */
		9D210BB52879AEEC006F5BFD /* Frameworks */ = {
			isa = PBXFrameworksBuildPhase;
			buildActionMask = 2147483647;
			files = (
			);
			runOnlyForDeploymentPostprocessing = 0;
		};
/* End PBXFrameworksBuildPhase section */

/* Begin PBXGroup section */
		9D210BAF2879AEEB006F5BFD = {
			isa = PBXGroup;
			children = (
				9D210BBA2879AEEC006F5BFD /* Challenge1 */,
				9D210BB92879AEEC006F5BFD /* Products */,
			);
			sourceTree = "<group>";
		};
		9D210BB92879AEEC006F5BFD /* Products */ = {
			isa = PBXGroup;
			children = (
				9D210BB82879AEEC006F5BFD /* Challenge1.app */,
			);
			name = Products;
			sourceTree = "<group>";
		};
		9D210BBA2879AEEC006F5BFD /* Challenge1 */ = {
			isa = PBXGroup;
			children = (
				9D210BBB2879AEEC006F5BFD /* AppDelegate.swift */,
				9D210BBD2879AEEC006F5BFD /* SceneDelegate.swift */,
				9D210BBF2879AEEC006F5BFD /* ViewController.swift */,
				9D210BE82879DBD2006F5BFD /* DetailViewController.swift */,
				9D210BC12879AEEC006F5BFD /* Main.storyboard */,
				9D210BC42879AEEE006F5BFD /* Assets.xcassets */,
				9D210BC62879AEEE006F5BFD /* LaunchScreen.storyboard */,
				9D210BC92879AEEE006F5BFD /* Info.plist */,
				9D210BCF2879B53B006F5BFD /* Content */,
			);
			path = Challenge1;
			sourceTree = "<group>";
		};
		9D210BCF2879B53B006F5BFD /* Content */ = {
			isa = PBXGroup;
			children = (
				9D210BD02879B53B006F5BFD /* russia.png */,
				9D210BD12879B53B006F5BFD /* poland.png */,
				9D210BD22879B53B006F5BFD /* estonia.png */,
				9D210BD32879B53B006F5BFD /* us.png */,
				9D210BD42879B53B006F5BFD /* monaco.png */,
				9D210BD52879B53B006F5BFD /* nigeria.png */,
				9D210BD62879B53B006F5BFD /* germany.png */,
				9D210BD72879B53B006F5BFD /* spain.png */,
				9D210BD82879B53B006F5BFD /* france.png */,
				9D210BD92879B53B006F5BFD /* italy.png */,
				9D210BDA2879B53B006F5BFD /* uk.png */,
				9D210BDB2879B53B006F5BFD /* ireland.png */,
			);
			path = Content;
			sourceTree = "<group>";
		};
/* End PBXGroup section */

/* Begin PBXNativeTarget section */
		9D210BB72879AEEC006F5BFD /* Challenge1 */ = {
			isa = PBXNativeTarget;
			buildConfigurationList = 9D210BCC2879AEEE006F5BFD /* Build configuration list for PBXNativeTarget "Challenge1" */;
			buildPhases = (
				9D210BB42879AEEC006F5BFD /* Sources */,
				9D210BB52879AEEC006F5BFD /* Frameworks */,
				9D210BB62879AEEC006F5BFD /* Resources */,
			);
			buildRules = (
			);
			dependencies = (
			);
			name = Challenge1;
			productName = Challenge1;
			productReference = 9D210BB82879AEEC006F5BFD /* Challenge1.app */;
			productType = "com.apple.product-type.application";
		};
/* End PBXNativeTarget section */

/* Begin PBXProject section */
		9D210BB02879AEEB006F5BFD /* Project object */ = {
			isa = PBXProject;
			attributes = {
				BuildIndependentTargetsInParallel = 1;
				LastSwiftUpdateCheck = 1340;
				LastUpgradeCheck = 1340;
				TargetAttributes = {
					9D210BB72879AEEC006F5BFD = {
						CreatedOnToolsVersion = 13.4.1;
					};
				};
			};
			buildConfigurationList = 9D210BB32879AEEB006F5BFD /* Build configuration list for PBXProject "Challenge1" */;
			compatibilityVersion = "Xcode 13.0";
			developmentRegion = en;
			hasScannedForEncodings = 0;
			knownRegions = (
				en,
				Base,
			);
			mainGroup = 9D210BAF2879AEEB006F5BFD;
			productRefGroup = 9D210BB92879AEEC006F5BFD /* Products */;
			projectDirPath = "";
			projectRoot = "";
			targets = (
				9D210BB72879AEEC006F5BFD /* Challenge1 */,
			);
		};
/* End PBXProject section */

/* Begin PBXResourcesBuildPhase section */
		9D210BB62879AEEC006F5BFD /* Resources */ = {
			isa = PBXResourcesBuildPhase;
			buildActionMask = 2147483647;
			files = (
				9D210BE52879B53B006F5BFD /* italy.png in Resources */,
				9D210BE62879B53B006F5BFD /* uk.png in Resources */,
				9D210BE42879B53B006F5BFD /* france.png in Resources */,
				9D210BDC2879B53B006F5BFD /* russia.png in Resources */,
				9D210BDD2879B53B006F5BFD /* poland.png in Resources */,
				9D210BE02879B53B006F5BFD /* monaco.png in Resources */,
				9D210BE72879B53B006F5BFD /* ireland.png in Resources */,
				9D210BC82879AEEE006F5BFD /* LaunchScreen.storyboard in Resources */,
				9D210BC52879AEEE006F5BFD /* Assets.xcassets in Resources */,
				9D210BE12879B53B006F5BFD /* nigeria.png in Resources */,
				9D210BC32879AEEC006F5BFD /* Main.storyboard in Resources */,
				9D210BE32879B53B006F5BFD /* spain.png in Resources */,
				9D210BDF2879B53B006F5BFD /* us.png in Resources */,
				9D210BDE2879B53B006F5BFD /* estonia.png in Resources */,
				9D210BE22879B53B006F5BFD /* germany.png in Resources */,
			);
			runOnlyForDeploymentPostprocessing = 0;
		};
/* End PBXResourcesBuildPhase section */

/* Begin PBXSourcesBuildPhase section */
		9D210BB42879AEEC006F5BFD /* Sources */ = {
			isa = PBXSourcesBuildPhase;
			buildActionMask = 2147483647;
			files = (
				9D210BC02879AEEC006F5BFD /* ViewController.swift in Sources */,
				9D210BBC2879AEEC006F5BFD /* AppDelegate.swift in Sources */,
				9D210BBE2879AEEC006F5BFD /* SceneDelegate.swift in Sources */,
				9D210BE92879DBD2006F5BFD /* DetailViewController.swift in Sources */,
			);
			runOnlyForDeploymentPostprocessing = 0;
		};
/* End PBXSourcesBuildPhase section */

/* Begin PBXVariantGroup section */
		9D210BC12879AEEC006F5BFD /* Main.storyboard */ = {
			isa = PBXVariantGroup;
			children = (
				9D210BC22879AEEC006F5BFD /* Base */,
			);
			name = Main.storyboard;
			sourceTree = "<group>";
		};
		9D210BC62879AEEE006F5BFD /* LaunchScreen.storyboard */ = {
			isa = PBXVariantGroup;
			children = (
				9D210BC72879AEEE006F5BFD /* Base */,
			);
			name = LaunchScreen.storyboard;
			sourceTree = "<group>";
		};
/* End PBXVariantGroup section */

/* Begin XCBuildConfiguration section */
		9D210BCA2879AEEE006F5BFD /* Debug */ = {
			isa = XCBuildConfiguration;
			buildSettings = {
				ALWAYS_SEARCH_USER_PATHS = NO;
				CLANG_ANALYZER_NONNULL = YES;
				CLANG_ANALYZER_NUMBER_OBJECT_CONVERSION = YES_AGGRESSIVE;
				CLANG_CXX_LANGUAGE_STANDARD = "gnu++17";
				CLANG_ENABLE_MODULES = YES;
				CLANG_ENABLE_OBJC_ARC = YES;
				CLANG_ENABLE_OBJC_WEAK = YES;
				CLANG_WARN_BLOCK_CAPTURE_AUTORELEASING = YES;
				CLANG_WARN_BOOL_CONVERSION = YES;
				CLANG_WARN_COMMA = YES;
				CLANG_WARN_CONSTANT_CONVERSION = YES;
				CLANG_WARN_DEPRECATED_OBJC_IMPLEMENTATIONS = YES;
				CLANG_WARN_DIRECT_OBJC_ISA_USAGE = YES_ERROR;
				CLANG_WARN_DOCUMENTATION_COMMENTS = YES;
				CLANG_WARN_EMPTY_BODY = YES;
				CLANG_WARN_ENUM_CONVERSION = YES;
				CLANG_WARN_INFINITE_RECURSION = YES;
				CLANG_WARN_INT_CONVERSION = YES;
				CLANG_WARN_NON_LITERAL_NULL_CONVERSION = YES;
				CLANG_WARN_OBJC_IMPLICIT_RETAIN_SELF = YES;
				CLANG_WARN_OBJC_LITERAL_CONVERSION = YES;
				CLANG_WARN_OBJC_ROOT_CLASS = YES_ERROR;
				CLANG_WARN_QUOTED_INCLUDE_IN_FRAMEWORK_HEADER = YES;
				CLANG_WARN_RANGE_LOOP_ANALYSIS = YES;
				CLANG_WARN_STRICT_PROTOTYPES = YES;
				CLANG_WARN_SUSPICIOUS_MOVE = YES;
				CLANG_WARN_UNGUARDED_AVAILABILITY = YES_AGGRESSIVE;
				CLANG_WARN_UNREACHABLE_CODE = YES;
				CLANG_WARN__DUPLICATE_METHOD_MATCH = YES;
				COPY_PHASE_STRIP = NO;
				DEBUG_INFORMATION_FORMAT = dwarf;
				ENABLE_STRICT_OBJC_MSGSEND = YES;
				ENABLE_TESTABILITY = YES;
				GCC_C_LANGUAGE_STANDARD = gnu11;
				GCC_DYNAMIC_NO_PIC = NO;
				GCC_NO_COMMON_BLOCKS = YES;
				GCC_OPTIMIZATION_LEVEL = 0;
				GCC_PREPROCESSOR_DEFINITIONS = (
					"DEBUG=1",
					"$(inherited)",
				);
				GCC_WARN_64_TO_32_BIT_CONVERSION = YES;
				GCC_WARN_ABOUT_RETURN_TYPE = YES_ERROR;
				GCC_WARN_UNDECLARED_SELECTOR = YES;
				GCC_WARN_UNINITIALIZED_AUTOS = YES_AGGRESSIVE;
				GCC_WARN_UNUSED_FUNCTION = YES;
				GCC_WARN_UNUSED_VARIABLE = YES;
				IPHONEOS_DEPLOYMENT_TARGET = 15.5;
				MTL_ENABLE_DEBUG_INFO = INCLUDE_SOURCE;
				MTL_FAST_MATH = YES;
				ONLY_ACTIVE_ARCH = YES;
				SDKROOT = iphoneos;
				SWIFT_ACTIVE_COMPILATION_CONDITIONS = DEBUG;
				SWIFT_OPTIMIZATION_LEVEL = "-Onone";
			};
			name = Debug;
		};
		9D210BCB2879AEEE006F5BFD /* Release */ = {
			isa = XCBuildConfiguration;
			buildSettings = {
				ALWAYS_SEARCH_USER_PATHS = NO;
				CLANG_ANALYZER_NONNULL = YES;
				CLANG_ANALYZER_NUMBER_OBJECT_CONVERSION = YES_AGGRESSIVE;
				CLANG_CXX_LANGUAGE_STANDARD = "gnu++17";
				CLANG_ENABLE_MODULES = YES;
				CLANG_ENABLE_OBJC_ARC = YES;
				CLANG_ENABLE_OBJC_WEAK = YES;
				CLANG_WARN_BLOCK_CAPTURE_AUTORELEASING = YES;
				CLANG_WARN_BOOL_CONVERSION = YES;
				CLANG_WARN_COMMA = YES;
				CLANG_WARN_CONSTANT_CONVERSION = YES;
				CLANG_WARN_DEPRECATED_OBJC_IMPLEMENTATIONS = YES;
				CLANG_WARN_DIRECT_OBJC_ISA_USAGE = YES_ERROR;
				CLANG_WARN_DOCUMENTATION_COMMENTS = YES;
				CLANG_WARN_EMPTY_BODY = YES;
				CLANG_WARN_ENUM_CONVERSION = YES;
				CLANG_WARN_INFINITE_RECURSION = YES;
				CLANG_WARN_INT_CONVERSION = YES;
				CLANG_WARN_NON_LITERAL_NULL_CONVERSION = YES;
				CLANG_WARN_OBJC_IMPLICIT_RETAIN_SELF = YES;
				CLANG_WARN_OBJC_LITERAL_CONVERSION = YES;
				CLANG_WARN_OBJC_ROOT_CLASS = YES_ERROR;
				CLANG_WARN_QUOTED_INCLUDE_IN_FRAMEWORK_HEADER = YES;
				CLANG_WARN_RANGE_LOOP_ANALYSIS = YES;
				CLANG_WARN_STRICT_PROTOTYPES = YES;
				CLANG_WARN_SUSPICIOUS_MOVE = YES;
				CLANG_WARN_UNGUARDED_AVAILABILITY = YES_AGGRESSIVE;
				CLANG_WARN_UNREACHABLE_CODE = YES;
				CLANG_WARN__DUPLICATE_METHOD_MATCH = YES;
				COPY_PHASE_STRIP = NO;
				DEBUG_INFORMATION_FORMAT = "dwarf-with-dsym";
				ENABLE_NS_ASSERTIONS = NO;
				ENABLE_STRICT_OBJC_MSGSEND = YES;
				GCC_C_LANGUAGE_STANDARD = gnu11;
				GCC_NO_COMMON_BLOCKS = YES;
				GCC_WARN_64_TO_32_BIT_CONVERSION = YES;
				GCC_WARN_ABOUT_RETURN_TYPE = YES_ERROR;
				GCC_WARN_UNDECLARED_SELECTOR = YES;
				GCC_WARN_UNINITIALIZED_AUTOS = YES_AGGRESSIVE;
				GCC_WARN_UNUSED_FUNCTION = YES;
				GCC_WARN_UNUSED_VARIABLE = YES;
				IPHONEOS_DEPLOYMENT_TARGET = 15.5;
				MTL_ENABLE_DEBUG_INFO = NO;
				MTL_FAST_MATH = YES;
				SDKROOT = iphoneos;
				SWIFT_COMPILATION_MODE = wholemodule;
				SWIFT_OPTIMIZATION_LEVEL = "-O";
				VALIDATE_PRODUCT = YES;
			};
			name = Release;
		};
		9D210BCD2879AEEE006F5BFD /* Debug */ = {
			isa = XCBuildConfiguration;
			buildSettings = {
				ASSETCATALOG_COMPILER_APPICON_NAME = AppIcon;
				ASSETCATALOG_COMPILER_GLOBAL_ACCENT_COLOR_NAME = AccentColor;
				CODE_SIGN_STYLE = Automatic;
				CURRENT_PROJECT_VERSION = 1;
				DEVELOPMENT_TEAM = P54V35B2G5;
				GENERATE_INFOPLIST_FILE = YES;
				INFOPLIST_FILE = Challenge1/Info.plist;
				INFOPLIST_KEY_UIApplicationSupportsIndirectInputEvents = YES;
				INFOPLIST_KEY_UILaunchStoryboardName = LaunchScreen;
				INFOPLIST_KEY_UIMainStoryboardFile = Main;
				INFOPLIST_KEY_UISupportedInterfaceOrientations_iPad = "UIInterfaceOrientationPortrait UIInterfaceOrientationPortraitUpsideDown UIInterfaceOrientationLandscapeLeft UIInterfaceOrientationLandscapeRight";
				INFOPLIST_KEY_UISupportedInterfaceOrientations_iPhone = "UIInterfaceOrientationPortrait UIInterfaceOrientationLandscapeLeft UIInterfaceOrientationLandscapeRight";
				LD_RUNPATH_SEARCH_PATHS = (
					"$(inherited)",
					"@executable_path/Frameworks",
				);
				MARKETING_VERSION = 1.0;
				PRODUCT_BUNDLE_IDENTIFIER = com.allanamaral.Challenge1;
				PRODUCT_NAME = "$(TARGET_NAME)";
				SWIFT_EMIT_LOC_STRINGS = YES;
				SWIFT_VERSION = 5.0;
				TARGETED_DEVICE_FAMILY = "1,2";
			};
			name = Debug;
		};
		9D210BCE2879AEEE006F5BFD /* Release */ = {
			isa = XCBuildConfiguration;
			buildSettings = {
				ASSETCATALOG_COMPILER_APPICON_NAME = AppIcon;
				ASSETCATALOG_COMPILER_GLOBAL_ACCENT_COLOR_NAME = AccentColor;
				CODE_SIGN_STYLE = Automatic;
				CURRENT_PROJECT_VERSION = 1;
				DEVELOPMENT_TEAM = P54V35B2G5;
				GENERATE_INFOPLIST_FILE = YES;
				INFOPLIST_FILE = Challenge1/Info.plist;
				INFOPLIST_KEY_UIApplicationSupportsIndirectInputEvents = YES;
				INFOPLIST_KEY_UILaunchStoryboardName = LaunchScreen;
				INFOPLIST_KEY_UIMainStoryboardFile = Main;
				INFOPLIST_KEY_UISupportedInterfaceOrientations_iPad = "UIInterfaceOrientationPortrait UIInterfaceOrientationPortraitUpsideDown UIInterfaceOrientationLandscapeLeft UIInterfaceOrientationLandscapeRight";
				INFOPLIST_KEY_UISupportedInterfaceOrientations_iPhone = "UIInterfaceOrientationPortrait UIInterfaceOrientationLandscapeLeft UIInterfaceOrientationLandscapeRight";
				LD_RUNPATH_SEARCH_PATHS = (
					"$(inherited)",
					"@executable_path/Frameworks",
				);
				MARKETING_VERSION = 1.0;
				PRODUCT_BUNDLE_IDENTIFIER = com.allanamaral.Challenge1;
				PRODUCT_NAME = "$(TARGET_NAME)";
				SWIFT_EMIT_LOC_STRINGS = YES;
				SWIFT_VERSION = 5.0;
				TARGETED_DEVICE_FAMILY = "1,2";
			};
			name = Release;
		};
/* End XCBuildConfiguration section */

/* Begin XCConfigurationList section */
		9D210BB32879AEEB006F5BFD /* Build configuration list for PBXProject "Challenge1" */ = {
			isa = XCConfigurationList;
			buildConfigurations = (
				9D210BCA2879AEEE006F5BFD /* Debug */,
				9D210BCB2879AEEE006F5BFD /* Release */,
			);
			defaultConfigurationIsVisible = 0;
			defaultConfigurationName = Release;
		};
		9D210BCC2879AEEE006F5BFD /* Build configuration list for PBXNativeTarget "Challenge1" */ = {
			isa = XCConfigurationList;
			buildConfigurations = (
				9D210BCD2879AEEE006F5BFD /* Debug */,
				9D210BCE2879AEEE006F5BFD /* Release */,
			);
			defaultConfigurationIsVisible = 0;
			defaultConfigurationName = Release;
		};
/* End XCConfigurationList section */
	};
	rootObject = 9D210BB02879AEEB006F5BFD /* Project object */;
}
